
Microsoft Visual Studio Solution File, Format Version 12.00
# Visual Studio Version 17
VisualStudioVersion = 17.10.35013.160
MinimumVisualStudioVersion = 10.0.40219.1
Project("{FAE04EC0-301F-11D3-BF4B-00C04F79EFBC}") = "Algorithms", "ConsoleApp12\Algorithms.csproj", "{43BA1E34-A3ED-4B9A-8F22-3785E8203325}"
EndProject
Global
	GlobalSection(SolutionConfigurationPlatforms) = preSolution
		Debug|Any CPU = Debug|Any CPU
		Release|Any CPU = Release|Any CPU
	EndGlobalSection
	GlobalSection(ProjectConfigurationPlatforms) = postSolution
		{43BA1E34-A3ED-4B9A-8F22-3785E8203325}.Debug|Any CPU.ActiveCfg = Debug|Any CPU
		{43BA1E34-A3ED-4B9A-8F22-3785E8203325}.Debug|Any CPU.Build.0 = Debug|Any CPU
		{43BA1E34-A3ED-4B9A-8F22-3785E8203325}.Release|Any CPU.ActiveCfg = Release|Any CPU
		{43BA1E34-A3ED-4B9A-8F22-3785E8203325}.Release|Any CPU.Build.0 = Release|Any CPU
	EndGlobalSection
	GlobalSection(SolutionProperties) = preSolution
		HideSolutionNode = FALSE
	EndGlobalSection
	GlobalSection(ExtensibilityGlobals) = postSolution
		SolutionGuid = {E300C901-817D-4078-9ED2-B85F97CDC9AD}
	EndGlobalSection
EndGlobal
